"@akala-modules/authentication@workspace:.":
  version "0.0.0-use.local"
  dependencies:
    "@akala/server" "^3.0.19"
    "@akala/storage" "^1.1.24"
    "@types/connect-ensure-login" "^0.1.4"
    "@types/debug" "^4.1.5"
    "@types/node" "^12.7.1"
    "@types/oauth2orize" "^1.8.6"
    "@types/passport" "^1.0.0"
    "@types/passport-http" "^0.3.8"
    "@types/passport-http-bearer" "^1.0.33"
    "@types/passport-local" "^1.0.33"
    "@types/passport-oauth2-client-password" "^0.1.2"
    "@types/uuid" "^3.4.4"
    connect-ensure-login "^0.1.1"
    oauth2orize "^1.11.0"
    passport "^0.4.0"
    passport-http "^0.3.0"
    passport-http-bearer "^1.0.1"
    passport-local "^1.0.0"
    passport-oauth2-client-password "^0.1.2"
    uuid "^3.3.2"
  languageName unknown
  linkType soft
  peerDependencies:
    "@akala/server" "^3.0.18"
  resolution "@akala-modules/authentication@workspace:."

"@akala/core@npm:^2.0.97":
  version "2.0.97"
  dependencies:
    "@akala/json-rpc-ws" "^7.0.1"
    array-flatten "^2.1.1"
    browser-process-hrtime "^1.0.0"
    debug "^4.1.1"
    es6-promise "^4.2.4"
    isomorphic-fetch "^2.2.1"
    mock-require "^3.0.3"
    orchestrator "^0.3.8"
    parseurl "^1.3.1"
    path-to-regexp "^3.0.0"
    routington "^1.0.3"
    utils-merge "^1.0.0"
    ws "^6.1.3"
  checksum "2/76671b299b0e8aaecd9dac6b1cdb235eea4824bba1f6ffc0fb0362ee71e44d30c0630fac08c86bf956cc61f5b0e9f1e6732485b23d767712ef4141650e933f62"
  languageName node
  linkType hard
  resolution "@akala/core@npm:2.0.97"

"@akala/core@npm:^2.1.19":
  version "2.1.19"
  dependencies:
    "@akala/json-rpc-ws" "^9.0.14"
    browser-process-hrtime "^1.0.0"
    debug "^4.1.1"
    es6-promise "^4.2.8"
    isomorphic-fetch "^2.2.1"
    mock-require "^3.0.3"
    orchestrator "^0.3.8"
    parseurl "^1.3.1"
    path-to-regexp "^6.1.0"
    routington "^1.0.3"
    utils-merge "^1.0.0"
    ws "^7.2.1"
  checksum "2/af3d415af74fa02b991cb3528e65a8ee52ed26f0286429eea3630158a02922b9aa4ec430522cb049fe0fcde19e753c3411ac271671addf52a57676adecad2ed8"
  languageName node
  linkType hard
  resolution "@akala/core@npm:2.1.19"

"@akala/json-rpc-ws@npm:^7.0.1, @akala/json-rpc-ws@npm:^7.0.2":
  version "7.0.2"
  dependencies:
    debug "^3.1.0"
    uuid "^3.3.2"
    ws "^6.0.0"
  checksum "2/92be2f19105e3aa57a6feb91085af232e88c988144387b3994cd74c5aaa4d36dbc2e98f9d643f688f98a9563c318c027eb0493af1598d6c24dab86e336d69df0"
  languageName node
  linkType hard
  resolution "@akala/json-rpc-ws@npm:7.0.2"

"@akala/json-rpc-ws@npm:^9.0.14":
  version "9.0.14"
  dependencies:
    debug "^4.1.1"
    uuid "^7.0.3"
    ws "^7.2.3"
  checksum "2/74c97b9b36b26407d10278568fddf7d26fcdd3e2b5b68907ccabab1563fee3b19299db57b392f5b607d0b4471e56b187ec58635da3502eabcf03a614391d9ba2"
  languageName node
  linkType hard
  resolution "@akala/json-rpc-ws@npm:9.0.14"

"@akala/server@npm:^3.0.19":
  version "3.0.19"
  dependencies:
    "@akala/core" "^2.0.97"
    "@akala/json-rpc-ws" "^7.0.2"
    body-parser "^1.18.2"
    express "^4.16.2"
    on-finished "^2.3.0"
    orchestrator "^0.3.8"
    routington "^1.0.3"
    send "^0.17.1"
    sequencify "0.0.7"
    source-map-support "^0.5.13"
    underscore "^1.8.3"
    ws "^7.1.1"
    xml2js "^0.4.19"
  checksum "2/5de6048472f8a19c7f0ea5d926ee56f211a2ae7e87aa7c65caf733a66065fa7410f26b491ee7bcf82cb86540b1f9ee663a24a175169274480ab860b73b0070eb"
  languageName node
  linkType hard
  resolution "@akala/server@npm:3.0.19"

"@akala/storage@npm:^1.1.24":
  version "1.1.24"
  dependencies:
    "@akala/core" "^2.1.19"
    reflect-metadata "^0.1.13"
    uuid "^3.4.0"
  checksum "2/38e442b66c8259e44b54cfce5471c0ec9b83edac54c1f7d8991bd48cae312e55c1c36cb3211fbcf3e5c8182580c40d062b02ba80790f4346134ee2d606f5e503"
  languageName node
  linkType hard
  resolution "@akala/storage@npm:1.1.24"

"@types/body-parser@npm:*":
  version "1.17.0"
  dependencies:
    "@types/connect" "*"
    "@types/node" "*"
  checksum "2/5ca052372698510142275bbbdcd270e79f4b1f601de63f97d6e19538dfa5cad67c6e13d815fffdfe97bf415eab1eabd2dd54388ce9bee4b94507ef1d7ae1824e"
  languageName node
  linkType hard
  resolution "@types/body-parser@npm:1.17.0"

"@types/connect-ensure-login@npm:^0.1.4":
  version "0.1.4"
  dependencies:
    "@types/express" "*"
  checksum "2/d9adc95d5f975451867709e005baf19b4ceb809505975918da7fcb36b689143301cb89f53cb8d628cf8b0ebd4a61d368b04a82092aac245f40d25c54c296cea6"
  languageName node
  linkType hard
  resolution "@types/connect-ensure-login@npm:0.1.4"

"@types/connect@npm:*":
  version "3.4.32"
  dependencies:
    "@types/node" "*"
  checksum "2/cc593203ef2eb76248c68459c815f01f1ffd704f1db76c33e747eec89880205b240184af8573e09f4b3b02dca4efbc17e0d8b61b68167ee1909401c7e65ed50f"
  languageName node
  linkType hard
  resolution "@types/connect@npm:3.4.32"

"@types/debug@npm:^4.1.5":
  version "4.1.5"
  checksum "2/416ad24bc589be0fb8c78bea972aa7d4ffdf6b136239701b1792674463b2dbf8c6707f6055ec484f79ec1f2b528ffef90c87e55df7e4a0f458184cad5bf0cfc8"
  languageName node
  linkType hard
  resolution "@types/debug@npm:4.1.5"

"@types/express-serve-static-core@npm:*":
  version "4.16.7"
  dependencies:
    "@types/node" "*"
    "@types/range-parser" "*"
  checksum "2/7a69c9a3e73a9d7414c79ae03a89c5e5f3fb4ee3520517680ebd043e5005e434eddadac0ad95708ae5705b421fc0eff9010410db07e4ce40e5cd376a3ec8d6ca"
  languageName node
  linkType hard
  resolution "@types/express-serve-static-core@npm:4.16.7"

"@types/express@npm:*":
  version "4.17.0"
  dependencies:
    "@types/body-parser" "*"
    "@types/express-serve-static-core" "*"
    "@types/serve-static" "*"
  checksum "2/76f63dad5f97034f5b7cc469dfb4bdabea71a2e4bac05d009e643522ec3d98f5d68de0c90c1cc33a6fb04379b1d55e13d08275279b20529f0e488f13de887e2c"
  languageName node
  linkType hard
  resolution "@types/express@npm:4.17.0"

"@types/mime@npm:*":
  version "2.0.1"
  checksum "2/61a328979fb59648d4bcd557050f6270f3afd50602829e9fd182d70129cbd2ff057f36dd6db4be9b01e0f1c6463784efc854ed4bbe99075017483680865d1977"
  languageName node
  linkType hard
  resolution "@types/mime@npm:2.0.1"

"@types/node@npm:*, @types/node@npm:^12.7.1":
  version "12.7.1"
  checksum "2/16786dc0650495e5df2661b8b53addd938a61efec8dc9157f1dada4eca79a478cc04e9907d282ddfc297fc55e507869fe3af2697b75e1cfdb9941ee74e18c951"
  languageName node
  linkType hard
  resolution "@types/node@npm:12.7.1"

"@types/oauth2orize@npm:^1.8.6":
  version "1.8.6"
  dependencies:
    "@types/express" "*"
    "@types/node" "*"
  checksum "2/17d62690fc05209499fbb2f8137fdfb3161cb8e10fd0eca99ede0b483882ce2e73a79545a5c81f472d26000f4fcfdbdb6d3b9cbd7905f78335a88feb2c1d523e"
  languageName node
  linkType hard
  resolution "@types/oauth2orize@npm:1.8.6"

"@types/passport-http-bearer@npm:^1.0.33":
  version "1.0.33"
  dependencies:
    "@types/express" "*"
    "@types/passport" "*"
  checksum "2/4eaa69c80b283bbce0214491c01c21ac2fee6072d951ef436a5f96c186ecf4d81f0c3beb4899c8edc20f41c4f34df5bbc964be084bb05fe4d13896a44901c2df"
  languageName node
  linkType hard
  resolution "@types/passport-http-bearer@npm:1.0.33"

"@types/passport-http@npm:^0.3.8":
  version "0.3.8"
  dependencies:
    "@types/express" "*"
    "@types/passport" "*"
  checksum "2/3dcdccc3eb8cd4f57bfeb3f523ef057a96fae1ead5c8a619818d3d13699f0216291d95f9f65ca5af16cce04c22ee1d9ec322f742b94d00e635a498a1d00b04f7"
  languageName node
  linkType hard
  resolution "@types/passport-http@npm:0.3.8"

"@types/passport-local@npm:^1.0.33":
  version "1.0.33"
  dependencies:
    "@types/express" "*"
    "@types/passport" "*"
    "@types/passport-strategy" "*"
  checksum "2/64ba3584de0876a9f5e42ae23cfba823e403c78a18148a46a456e3db6f8bbd0d344d84443ba7befc4d286ab9ad10d719ffdcb2bd722cdd985543a3c6723fb77e"
  languageName node
  linkType hard
  resolution "@types/passport-local@npm:1.0.33"

"@types/passport-oauth2-client-password@npm:^0.1.2":
  version "0.1.2"
  dependencies:
    "@types/express" "*"
    "@types/passport" "*"
  checksum "2/70240274f11df1d798935a1aa6977104d81fc59aa1693ba9ac1fccebc2faa13f6b70020fb60807d85a0f9b7ff15a71c259dcfd91b7fcf5aabac9b97e96a279cb"
  languageName node
  linkType hard
  resolution "@types/passport-oauth2-client-password@npm:0.1.2"

"@types/passport-strategy@npm:*":
  version "0.2.35"
  dependencies:
    "@types/express" "*"
    "@types/passport" "*"
  checksum "2/dc1137f9a98af5208f88b703e09ed6e32238ff3432cd245f9cf8027db11e499691d9c05f7bd7735f5899c221ca3807fda72386dbddbfe0eaf2bee65de49f3a89"
  languageName node
  linkType hard
  resolution "@types/passport-strategy@npm:0.2.35"

"@types/passport@npm:*, @types/passport@npm:^1.0.0":
  version "1.0.0"
  dependencies:
    "@types/express" "*"
  checksum "2/9d3b8ee7b840a480affd02d5e7d91174b0b03ce5b23ec75dc85f33e0daa5da9bfbfc42dcfde8918f90fceac192f91b3d9145b8bc654ca486ec1b47ca4fbc0963"
  languageName node
  linkType hard
  resolution "@types/passport@npm:1.0.0"

"@types/range-parser@npm:*":
  version "1.2.3"
  checksum "2/092fabae0ecbd728d3e4debc938cd043e97cb9f210cfec1c56ff6065c6e91666f376eb586591825d6757a058fd1a1dc4831d34e04ecfbb0800f35b8d86d38635"
  languageName node
  linkType hard
  resolution "@types/range-parser@npm:1.2.3"

"@types/serve-static@npm:*":
  version "1.13.2"
  dependencies:
    "@types/express-serve-static-core" "*"
    "@types/mime" "*"
  checksum "2/aa1061b229fab80eb588d6fc9bc60b61354dd71d868b5d11e703637c8f67450269a37c7d31b134ad5dc58b4c9fcfbb5073251f2065925eb9c83d0da34fc89f81"
  languageName node
  linkType hard
  resolution "@types/serve-static@npm:1.13.2"

"@types/uuid@npm:^3.4.4":
  version "3.4.5"
  dependencies:
    "@types/node" "*"
  checksum "2/d4ecc8717bd8e6232c15a41fc92186d2d1a4a129be73d2dc227c064503f749f79b995acf4960a49fa8230cb5fbf981dbce0f55c6f263f4d0c4f2b23095cfa840"
  languageName node
  linkType hard
  resolution "@types/uuid@npm:3.4.5"

"__metadata":
  version "4"

"accepts@npm:~1.3.7":
  version "1.3.7"
  dependencies:
    mime-types "~2.1.24"
    negotiator "0.6.2"
  checksum "2/2686fa30dbc850db1bf458dc8171fba13c54ed6cb25f4298ec7c2f88b8dfc50351f25c40abe3a948e4ec7a0cc8ea83d1c55c2f73ffa612d18840a8778d4a2ee0"
  languageName node
  linkType hard
  resolution "accepts@npm:1.3.7"

"array-flatten@npm:1.1.1":
  version "1.1.1"
  checksum "2/de7a056451ff7891bb1bcda6ce2a50448ca70f63cd0fa7aa90430d288b6dc2931517b6853ce16c473a7f40fa6eaa874e20b6151616db93375471d1ffadfb1d3d"
  languageName node
  linkType hard
  resolution "array-flatten@npm:1.1.1"

"array-flatten@npm:^2.1.1":
  version "2.1.2"
  checksum "2/46bfb198da424765f26350a8d8b207deade75d493e6d26417bfebb4027857b9fef8f5ae3bacd0b912f9a9fd2c04e2ec140c7183c0408e10950579e9d5c9dea25"
  languageName node
  linkType hard
  resolution "array-flatten@npm:2.1.2"

"async-limiter@npm:^1.0.0, async-limiter@npm:~1.0.0":
  version "1.0.1"
  checksum "2/d123312ace75c07399ddc58e06cc028dacce35f71cdf59cf9b22f6c31dde221c22285e6185ede823ecb67f3b3065e26205eb9f74fcbba3f12ce7a2c2b09d7763"
  languageName node
  linkType hard
  resolution "async-limiter@npm:1.0.1"

"body-parser@npm:1.19.0, body-parser@npm:^1.18.2":
  version "1.19.0"
  dependencies:
    bytes "3.1.0"
    content-type "~1.0.4"
    debug "2.6.9"
    depd "~1.1.2"
    http-errors "1.7.2"
    iconv-lite "0.4.24"
    on-finished "~2.3.0"
    qs "6.7.0"
    raw-body "2.4.0"
    type-is "~1.6.17"
  checksum "2/18c2a81df5eabc7e3541bc9ace394b88e6fbd390989b5e764ff34c3f9dbd097e19986c31baa9b855ec5c2cff2b79157449afb0cdfb97bb99c11d6239b2c47a34"
  languageName node
  linkType hard
  resolution "body-parser@npm:1.19.0"

"browser-process-hrtime@npm:^1.0.0":
  version "1.0.0"
  checksum "2/565847e5b0dc8c3762e545abb806ba886ed55de9b2c1479e382cf27e54f0af38ae3a1f81f3a98760403404419f65cbb20aff88d91cbee2b25e284bdebcc60a85"
  languageName node
  linkType hard
  resolution "browser-process-hrtime@npm:1.0.0"

"buffer-from@npm:^1.0.0":
  version "1.1.1"
  checksum "2/540ceb79c4f5bfcadaabbc18324fa84c50dc52905084be7c03596a339cf5a88513bee6831ce9b36ddd046fab09257a7c80686e129d0559a0cfd141da196ad956"
  languageName node
  linkType hard
  resolution "buffer-from@npm:1.1.1"

"bytes@npm:3.1.0":
  version "3.1.0"
  checksum "2/c3f64645ef37922c8194fef88a052de2a28101882dfdf8a225493888c4941a26ea15164957e7492e5c5e3a8e98ee6276f4834efacb68e2d8ad4d91f903250b6c"
  languageName node
  linkType hard
  resolution "bytes@npm:3.1.0"

"connect-ensure-login@npm:^0.1.1":
  version "0.1.1"
  checksum "2/6cee00813dcd3e83d7c5ea8074fa7ffcd288227ac477fc2f883db4d694c1941617b2237eda0ed5b3ed84c0d264825a642fd3095f57d41dee361e7eb1bc375a59"
  languageName node
  linkType hard
  resolution "connect-ensure-login@npm:0.1.1"

"content-disposition@npm:0.5.3":
  version "0.5.3"
  dependencies:
    safe-buffer "5.1.2"
  checksum "2/8f1f235c0423be68023df7f5a3948601d859ce44ee94e1d0fa2a97383bd469e789320b6ddf6f31b3620605c75cf771522df11386f51aff401e5d51b6ccfde3e2"
  languageName node
  linkType hard
  resolution "content-disposition@npm:0.5.3"

"content-type@npm:~1.0.4":
  version "1.0.4"
  checksum "2/ff6e19cbf281c23d5608723a6dc60ac97e2280bd4d21602511283112321e6c1555895e395555e367672b54a0f1585276284b7c3c8be313aca73902ac2f2609fd"
  languageName node
  linkType hard
  resolution "content-type@npm:1.0.4"

"cookie-signature@npm:1.0.6":
  version "1.0.6"
  checksum "2/305054e102eebd0a483c63aefdc3abf54a9471bed5eb12be56c0dcf35a94110b8a13139b27751ab07a5ef09e9f4190ee67f71e9d3acf1748e6e2f1aed338c987"
  languageName node
  linkType hard
  resolution "cookie-signature@npm:1.0.6"

"cookie@npm:0.4.0":
  version "0.4.0"
  checksum "2/7aaef4b642c533600fdd001d963a507dfcd814267503374e51d9743475d024feeff8b0b4ddd0777a25791a2efbdfd8bc4a0fe0696104efa195e8f8584807d410"
  languageName node
  linkType hard
  resolution "cookie@npm:0.4.0"

"debug@npm:2.6.9, debug@npm:2.x.x":
  version "2.6.9"
  dependencies:
    ms "2.0.0"
  checksum "2/559f44f98cf25e2ee489022aec173afbff746564cb108c4493becb95bc3c017a67bdaa25a0ff64801fd32c35051d00af0e56cc7f762ae2c3bc089496e5a1c31b"
  languageName node
  linkType hard
  resolution "debug@npm:2.6.9"

"debug@npm:^3.1.0":
  version "3.2.6"
  dependencies:
    ms "^2.1.1"
  checksum "2/619feb53b115f1a8341365b8aa58a8757e6632738587d4b61b25627b74891211cb20e31fdbea37fec766e575a60cf456f7a02d6f9eddfdcef80caa6a4b0fc042"
  languageName node
  linkType hard
  resolution "debug@npm:3.2.6"

"debug@npm:^4.1.1":
  version "4.1.1"
  dependencies:
    ms "^2.1.1"
  checksum "2/3601a6ce96e4698ed3edf0ee6e67ef0317adfcdae2f66a43b23d1b14e8888b422337429b16dbbcba6801e7bfa6cbb8de3128fbacfb8ae1cd9bd7615ea6baf970"
  languageName node
  linkType hard
  resolution "debug@npm:4.1.1"

"deep-equal@npm:~1.0.1":
  version "1.0.1"
  checksum "2/97d8558d19a1aeeadbed84d54cd2d3be792e968e1834aaaf1627f432371b1fb52bfe5bfd06bdbbdb7b53f827b0adf7dd78089d0430e923edebc724e4df7c3923"
  languageName node
  linkType hard
  resolution "deep-equal@npm:1.0.1"

"depd@npm:~1.1.2":
  version "1.1.2"
  checksum "2/f45566ff7019a346852f095768a380778ed544de24e103b479fd5d3e61982d670efbb5234c09d0588d7fdb09c26c48283d7150e4be5e6ce5d3d37cd268d75c4d"
  languageName node
  linkType hard
  resolution "depd@npm:1.1.2"

"destroy@npm:~1.0.4":
  version "1.0.4"
  checksum "2/5a516fc5a8a8089eecdac11da2339353542be7a71102dc5a1372ef6161501bf5c1ee59ff9f8a3f5f14cc8c88594d606f855f816d46a228ee5e0e5cb2b543534b"
  languageName node
  linkType hard
  resolution "destroy@npm:1.0.4"

"ee-first@npm:1.1.1":
  version "1.1.1"
  checksum "2/ba74f91398e3ee3b6d665b2f0d13ad6530e89a7e64ec886a6eec0602fb8a5a274652960e21bd5d4b42fdeb9017d873ff872f50342d38779e955285977edb337c"
  languageName node
  linkType hard
  resolution "ee-first@npm:1.1.1"

"encodeurl@npm:~1.0.2":
  version "1.0.2"
  checksum "2/6ee5fcbcd245d2a2b6bd6fe36b80f91e31ab46e29192c50af00e8f860c0c2310ebbdaae40257878fdce90b42abcb3526895c7c3a2e229461ed1f0d0b5a020fc8"
  languageName node
  linkType hard
  resolution "encodeurl@npm:1.0.2"

"encoding@npm:^0.1.11":
  version "0.1.12"
  dependencies:
    iconv-lite "~0.4.13"
  checksum "2/d6c664f8bd1807928c6e6bf99fbaecb075c269c722c8ae9b36b4bafd8f5346ad9561eba5871d3b84ba2c40948c8b920f9d80ea82602d72e500f05e0f104a3fb4"
  languageName node
  linkType hard
  resolution "encoding@npm:0.1.12"

"end-of-stream@npm:~0.1.5":
  version "0.1.5"
  dependencies:
    once "~1.3.0"
  checksum "2/1f167de7a2fe0e84f2024e58487da83a26611b4b821a81e6b82b9893cc6e5b6a8a6d2025612167987aaa4db24da9cfa66eb658433637a38a940e704b8720b1e9"
  languageName node
  linkType hard
  resolution "end-of-stream@npm:0.1.5"

"es6-promise@npm:^4.2.4, es6-promise@npm:^4.2.8":
  version "4.2.8"
  checksum "2/b85e5faab1b3785b8bf1a6c91b5f176cf3e5e4550359508ef54dd58b19ad2b831e04607e2a0a464f2a1407bf02897d5c88daf6e3d94c2ee4510e8191b44b64ef"
  languageName node
  linkType hard
  resolution "es6-promise@npm:4.2.8"

"escape-html@npm:~1.0.3":
  version "1.0.3"
  checksum "2/900a7f2b80b9f89c85b7a303d1b7a4d354b93e328871414f165f13c5c209a80eab787e3a63429e596877def69fe4dcb3d1b55af655207a901a9ec99f7f148743"
  languageName node
  linkType hard
  resolution "escape-html@npm:1.0.3"

"etag@npm:~1.8.1":
  version "1.8.1"
  checksum "2/f18341a3c12a554ec46c0d4756bc9cae177e92f25a4ebd9ceefebf0ee448b675972fc110879f22b1bf514174713921ae5de9ff77af2062d422b1085588465a57"
  languageName node
  linkType hard
  resolution "etag@npm:1.8.1"

"express@npm:^4.16.2":
  version "4.17.1"
  dependencies:
    accepts "~1.3.7"
    array-flatten "1.1.1"
    body-parser "1.19.0"
    content-disposition "0.5.3"
    content-type "~1.0.4"
    cookie "0.4.0"
    cookie-signature "1.0.6"
    debug "2.6.9"
    depd "~1.1.2"
    encodeurl "~1.0.2"
    escape-html "~1.0.3"
    etag "~1.8.1"
    finalhandler "~1.1.2"
    fresh "0.5.2"
    merge-descriptors "1.0.1"
    methods "~1.1.2"
    on-finished "~2.3.0"
    parseurl "~1.3.3"
    path-to-regexp "0.1.7"
    proxy-addr "~2.0.5"
    qs "6.7.0"
    range-parser "~1.2.1"
    safe-buffer "5.1.2"
    send "0.17.1"
    serve-static "1.14.1"
    setprototypeof "1.1.1"
    statuses "~1.5.0"
    type-is "~1.6.18"
    utils-merge "1.0.1"
    vary "~1.1.2"
  checksum "2/c4b470d623152c148e874b08d4afc35ea9498547c31a6ff6dae767ae11e3a59508a299732e9f45bfa2885685fbe2b75ca360862977798dfcec28ff2a4260eab2"
  languageName node
  linkType hard
  resolution "express@npm:4.17.1"

"finalhandler@npm:~1.1.2":
  version "1.1.2"
  dependencies:
    debug "2.6.9"
    encodeurl "~1.0.2"
    escape-html "~1.0.3"
    on-finished "~2.3.0"
    parseurl "~1.3.3"
    statuses "~1.5.0"
    unpipe "~1.0.0"
  checksum "2/f2e5b6bfe2201f13e74408530a7f354b7846ab3e648b3dde4f8ed3b773c8a743c16b0f378cb5113df7fef84c5be364bb1a3655f0a75571f163c982289fbd9671"
  languageName node
  linkType hard
  resolution "finalhandler@npm:1.1.2"

"flatten@npm:~0.0.1":
  version "0.0.1"
  checksum "2/3dd29b341669f8910ea558c6aebee0ba666f4a0302d7fdca89cbea1ec63b1124d1ea5b59897bf621babaa46501ddee53e553b5d4f09a61f978e8adfd0b7aad12"
  languageName node
  linkType hard
  resolution "flatten@npm:0.0.1"

"forwarded@npm:~0.1.2":
  version "0.1.2"
  checksum "2/568d862ad1c514813fc62dc1bd58b8669b16d4ee2e634a6fc71f4849df798883ab94e63d8e1b35a17af51b2b39ca869e672c7310efe42fc7b9bad43a80b5ff87"
  languageName node
  linkType hard
  resolution "forwarded@npm:0.1.2"

"fresh@npm:0.5.2":
  version "0.5.2"
  checksum "2/2f76c8505d1ea5a6d5accea3e7aff0b796bfa43364c84929254f33909fa08640948bd1728220d1ff5f4c2b378a65e97da647f2fe0f2b7ddb44001f6e0dc2e91f"
  languageName node
  linkType hard
  resolution "fresh@npm:0.5.2"

"get-caller-file@npm:^1.0.2":
  version "1.0.3"
  checksum "2/282a3d15e79c44203873a8d5c7d8492af9e6b2c0aeccfaf63f0a853916ece9d4456e12d92c1efad01b5f8c73188a1c4d6fe8b68d4c899b753a1810ac841f6672"
  languageName node
  linkType hard
  resolution "get-caller-file@npm:1.0.3"

"http-assert@npm:1":
  version "1.4.1"
  dependencies:
    deep-equal "~1.0.1"
    http-errors "~1.7.2"
  checksum "2/bf6a90287f0803dbebdc7dbd4927461bafe4a50b600f0081570573291889cd4913c78c522cf40629e19c4705d4d34df9b3834c829c3be3410424ac669c6e9550"
  languageName node
  linkType hard
  resolution "http-assert@npm:1.4.1"

"http-errors@npm:1.7.2":
  version "1.7.2"
  dependencies:
    depd "~1.1.2"
    inherits "2.0.3"
    setprototypeof "1.1.1"
    statuses ">= 1.5.0 < 2"
    toidentifier "1.0.0"
  checksum "2/8ce4a4af05a3652c81768a2754ced24b86ff62e7bee147a27b6ef8cde24e7a48f9fbfcb87ec6f67781879b95f1b35d3f8d6378e8555eb7d469ce875f4e184418"
  languageName node
  linkType hard
  resolution "http-errors@npm:1.7.2"

"http-errors@npm:~1.7.2":
  version "1.7.3"
  dependencies:
    depd "~1.1.2"
    inherits "2.0.4"
    setprototypeof "1.1.1"
    statuses ">= 1.5.0 < 2"
    toidentifier "1.0.0"
  checksum "2/563ae4a3f19c89029212922bade6ffcd0e4b7fa52e539f08c8f6941de7eaccb00bf76cb7692662192f2f0d567d4ac1f9d6a3d0ee70b166c8540cf791497f90ea"
  languageName node
  linkType hard
  resolution "http-errors@npm:1.7.3"

"iconv-lite@npm:0.4.24, iconv-lite@npm:~0.4.13":
  version "0.4.24"
  dependencies:
    safer-buffer ">= 2.1.2 < 3"
  checksum "2/a9b9521066ee81853a8561e92bd7240bc5d3b7d5ef7da807a475e7858b0246e318b6af518c30a20a8749ef5eafeaa9631079446e4e696c7b60f468b34dc2cbfc"
  languageName node
  linkType hard
  resolution "iconv-lite@npm:0.4.24"

"inherits@npm:2.0.3":
  version "2.0.3"
  checksum "2/9488f9433effbc24474f6baee8014e5337c7f99305ecb4204fa5864ae7655c24225780d87fc65ed8d3d374715a18c5dc8c69fe3bf9745cde2e7acd0ac068a07b"
  languageName node
  linkType hard
  resolution "inherits@npm:2.0.3"

"inherits@npm:2.0.4":
  version "2.0.4"
  checksum "2/98426da247ddfc3dcd7d7daedd90c3ca32d5b08deca08949726f12d49232aef94772a07b36cf4ff833e105ae2ef931777f6de4a6dd8245a216b9299ad4a50bea"
  languageName node
  linkType hard
  resolution "inherits@npm:2.0.4"

"ipaddr.js@npm:1.9.0":
  version "1.9.0"
  checksum "2/2fb82d47626b8230e4c412eb6bae3bb8c43dabaa39df3fa60bfd1b98f6ffdd6c80d6821d1029432efb9c9655ddea1168f7fd6f7aeaf2f6f906f6e20df5beded2"
  languageName node
  linkType hard
  resolution "ipaddr.js@npm:1.9.0"

"is-stream@npm:^1.0.1":
  version "1.1.0"
  checksum "2/39843ee9ff68ebda05237199f18831eb6e0e28db7799ee9ddaac5573b0681f18b4dc427afdb7b7ad906db545e4648999c42a1810b277acc8451593ff59da00fa"
  languageName node
  linkType hard
  resolution "is-stream@npm:1.1.0"

"isomorphic-fetch@npm:^2.2.1":
  version "2.2.1"
  dependencies:
    node-fetch "^1.0.1"
    whatwg-fetch ">=0.10.0"
  checksum "2/a4174e332ae98fc93269162f1d8a3ee1f7255257d4eaeea5145d4068f64ac2dbff7e7f681889097238e1e009f7a74ba1a23ffd8ed967402777a32cca96204508"
  languageName node
  linkType hard
  resolution "isomorphic-fetch@npm:2.2.1"

"media-typer@npm:0.3.0":
  version "0.3.0"
  checksum "2/be1c825782df7f38eebd451d778f6407bb15a59c8807a69e7f2ad74a25440e474536441c6bf583fdf2803ea23b866e91ff68f565cda297211dd89147758c8df3"
  languageName node
  linkType hard
  resolution "media-typer@npm:0.3.0"

"merge-descriptors@npm:1.0.1":
  version "1.0.1"
  checksum "2/2d2a09eaac840a7ceac7a13b44b7c8abf3ecccd93a609c3525d8290cb5d814336cc7c0b1dd485ae3bc471ed354eeefb153475ce2e1604ccdf79eebe74021c192"
  languageName node
  linkType hard
  resolution "merge-descriptors@npm:1.0.1"

"methods@npm:~1.1.2":
  version "1.1.2"
  checksum "2/450e4ea0fd4a0f3de8c0593d753c7d6c8f2ee49766f5ef35c68cc2ac41699d5e295b7d6330fc2b7271b8569a07857e3eb0b5df0599a353c5808265b4b5066168"
  languageName node
  linkType hard
  resolution "methods@npm:1.1.2"

"mime-db@npm:1.40.0":
  version "1.40.0"
  checksum "2/3b1563f7bed054338781ca71bc10099d3bcd6a7d74d9cd3d7cbfb7f58486f387aa7948dcf5eac4974c13000bd1961c02fa87090db5313bf99f6511aeab63df7b"
  languageName node
  linkType hard
  resolution "mime-db@npm:1.40.0"

"mime-types@npm:~2.1.24":
  version "2.1.24"
  dependencies:
    mime-db "1.40.0"
  checksum "2/4046efa4d85f77580f0459f3cb9f103648880933b09836b0ae8301bad6b5a209696097122668b6a97624f8a5c69e6bebdeda1c425479f110a258018951d0c147"
  languageName node
  linkType hard
  resolution "mime-types@npm:2.1.24"

"mime@npm:1.6.0":
  version "1.6.0"
  bin:
    mime cli.js
  checksum "2/d540c24dd3e3a9e25e813714e55ff2f7841a3a1a47aed9786c508bd0251653d5e9abbfb1163c0c6e1be99f872d7fa1538c068bd6e306e9cb12dd9affa841a61e"
  languageName node
  linkType hard
  resolution "mime@npm:1.6.0"

"mock-require@npm:^3.0.3":
  version "3.0.3"
  dependencies:
    get-caller-file "^1.0.2"
    normalize-path "^2.1.1"
  checksum "2/d3a6117d867d24e65a5b6cf2471ebd901947c31077e2babe7ccd5d77e6fee1bb53f25d4ef587972012224b6b9d8e369562581a0121d30f8467966212d4c792b4"
  languageName node
  linkType hard
  resolution "mock-require@npm:3.0.3"

"ms@npm:2.0.0":
  version "2.0.0"
  checksum "2/1a230340cc7f322fbe916783d8c8d60455407c6b7fb7f901d6ee34eb272402302c5c7f070a97b8531245cbb4ca6a0a623f6a128d7e5a5440cefa2c669c0b35bb"
  languageName node
  linkType hard
  resolution "ms@npm:2.0.0"

"ms@npm:2.1.1":
  version "2.1.1"
  checksum "2/81ad38c74df2473ce9fbed8bb71a00220c3d9e237ebd576306c9f6ca3221b251d602c7d199808944be1a3d7cda5883e72c77adb473734ba30f6e032165e05ebc"
  languageName node
  linkType hard
  resolution "ms@npm:2.1.1"

"ms@npm:^2.1.1":
  version "2.1.2"
  checksum "2/9b65fb709bc30c0c07289dcbdb61ca032acbb9ea5698b55fa62e2cebb04c5953f1876a1f3f7f4bc2e91d4bf4d86003f3e207c3bc6ee2f716f99827e62389cd0e"
  languageName node
  linkType hard
  resolution "ms@npm:2.1.2"

"negotiator@npm:0.6.2":
  version "0.6.2"
  checksum "2/4b230bd15f0862d16c54ce0243fcfcf835ad59c8e58c467b4504dd28c9868cff71ff485b02cc575dc69dca819b58a1fadc9fb28403f45721f38a8fffde007d54"
  languageName node
  linkType hard
  resolution "negotiator@npm:0.6.2"

"node-fetch@npm:^1.0.1":
  version "1.7.3"
  dependencies:
    encoding "^0.1.11"
    is-stream "^1.0.1"
  checksum "2/d04afb2e328ffb974a5ac4800fe5714d7419243d72f089a6a2383d3b93368c61ae88954a4866c476c0d7f95d7af414c1b9a885e051971061efe4054d526e23ed"
  languageName node
  linkType hard
  resolution "node-fetch@npm:1.7.3"

"normalize-path@npm:^2.1.1":
  version "2.1.1"
  dependencies:
    remove-trailing-separator "^1.0.1"
  checksum "2/9eb82b2f6abc1b99d820c36405d6b7a26a4cfa49d49d397eb2ad606b1295cb8e243b6071b18826907ae54a9a2b35373a83d827d843d19b76efcfa267d72cb301"
  languageName node
  linkType hard
  resolution "normalize-path@npm:2.1.1"

"oauth2orize@npm:^1.11.0":
  version "1.11.0"
  dependencies:
    debug "2.x.x"
    uid2 "0.0.x"
    utils-merge "1.x.x"
  checksum "2/41828b50aa73818a0116ec173430948ab7821e0f7c1a3482348990c836687d3ed0e15e25875cfe0376f7c1c2d692b277bc1b9516aa34e4af1c9ba24ba72f4e8b"
  languageName node
  linkType hard
  resolution "oauth2orize@npm:1.11.0"

"on-finished@npm:^2.3.0, on-finished@npm:~2.3.0":
  version "2.3.0"
  dependencies:
    ee-first "1.1.1"
  checksum "2/362e64608287d31ffd96a15fb9305a410b3e4d07c86f277fae907e38af46bc6f5ff948de90eabb81dc5632ca7f9a290085acc5410c378053dfa9860451d97ee5"
  languageName node
  linkType hard
  resolution "on-finished@npm:2.3.0"

"once@npm:~1.3.0":
  version "1.3.3"
  dependencies:
    wrappy "1"
  checksum "2/c68086bafeee1e66c5913a79a9466dbdfca9f0f9c3217aae808a219eac7648f7b164da615028d04dd7642596f6d097e6ba2f4b1c97560ca26c7502dac2ad4859"
  languageName node
  linkType hard
  resolution "once@npm:1.3.3"

"orchestrator@npm:^0.3.8":
  version "0.3.8"
  dependencies:
    end-of-stream "~0.1.5"
    sequencify "~0.0.7"
    stream-consume "~0.1.0"
  checksum "2/de1b026450b77c06ab3b8b9a89e5f57766c8d53ea14aa8c62adc84dae6ad66ff3fa0057a283f5e2d04d7c352c615182d99026e32e89effa36440673988bb6bce"
  languageName node
  linkType hard
  resolution "orchestrator@npm:0.3.8"

"parseurl@npm:^1.3.1, parseurl@npm:~1.3.3":
  version "1.3.3"
  checksum "2/52c9e86cb58e38b28f1a50a6354d16648974ab7a2b91b209f97102840471de8adf524427774af6d5bc482fb7c0a6af6ba08ab37de9a1a7ae389ebe074015914b"
  languageName node
  linkType hard
  resolution "parseurl@npm:1.3.3"

"passport-http-bearer@npm:^1.0.1":
  version "1.0.1"
  dependencies:
    passport-strategy "1.x.x"
  checksum "2/a26f84c09cecdbe0c4f10f5ec1b59aca3ce7513433e7853a86f809d4617483f8e9a3588d17307966a329ce43eb5b70262bf7f5b679c7deeb21f12b1f0b0c3fa3"
  languageName node
  linkType hard
  resolution "passport-http-bearer@npm:1.0.1"

"passport-http@npm:^0.3.0":
  version "0.3.0"
  dependencies:
    passport-strategy "1.x.x"
  checksum "2/70421572ccf2426e2f50624a7f49a96b838d19cf348a7492ae147e4f798716ff3b3e456fb2db9971587bbe6cacbd829fcf6976c5558a66a8cc8d26a6dc91b4cd"
  languageName node
  linkType hard
  resolution "passport-http@npm:0.3.0"

"passport-local@npm:^1.0.0":
  version "1.0.0"
  dependencies:
    passport-strategy "1.x.x"
  checksum "2/2d3decab3fde758227c42c5780ffa7fac50759fcf56b49a845de05c72062e2f5b2288ab1badddba0fb6d21eb3d5b4e4bb1083b922624ac4fe90e97fcba0f3b96"
  languageName node
  linkType hard
  resolution "passport-local@npm:1.0.0"

"passport-oauth2-client-password@npm:^0.1.2":
  version "0.1.2"
  dependencies:
    passport-strategy "1.x.x"
  checksum "2/452a2da59682e940f0549704f11b9c91af41cbfc0a17ea1706952fec7dbd476f8787e208c05ded0ac8b1b322bda81d0fdafe0e007c8b1968bb6812b8a11424f5"
  languageName node
  linkType hard
  resolution "passport-oauth2-client-password@npm:0.1.2"

"passport-strategy@npm:1.x.x":
  version "1.0.0"
  checksum "2/4ad0b62fcb411df70484aef44a958bc545801170e27c46a8bc38776c370d9cc67df9a4a4046ac6146fbd95d6650e554468df72b282cde22e81a42369472e9cfc"
  languageName node
  linkType hard
  resolution "passport-strategy@npm:1.0.0"

"passport@npm:^0.4.0":
  version "0.4.0"
  dependencies:
    passport-strategy "1.x.x"
    pause "0.0.1"
  checksum "2/a4b655d20b35d7ae9fa2d11da429b74267f4a17d273a20ac8ec19f81c781e1dcaf2077645f179ddc13733b1b6624582db3785955bff0c21122c7bce1b8d68fe5"
  languageName node
  linkType hard
  resolution "passport@npm:0.4.0"

"path-to-regexp@npm:0.1.7":
  version "0.1.7"
  checksum "2/342fdb0ca48415d6eccdbe6d4180fd0fa4786ccc96ab3f74fcdf7acfc99e075af25e6077c8086c341dcfb4f5f84401ecd21e6cd7b24e0c3b556fb7ffb2570da7"
  languageName node
  linkType hard
  resolution "path-to-regexp@npm:0.1.7"

"path-to-regexp@npm:^3.0.0":
  version "3.0.0"
  checksum "2/724dc0b8fde0bb76df967445bbc7c255376f4a3ff6a621747d83b91db5994b72a5bc5a8c592b814ff2402c061ead4f1e9257e58792a077d44caf75d492fd2172"
  languageName node
  linkType hard
  resolution "path-to-regexp@npm:3.0.0"

"path-to-regexp@npm:^6.1.0":
  version "6.1.0"
  checksum "2/88a62b77d43b1b18f51dfa787695decac364443c6595e06fa82faf66e1104c861c1f2f6d4ac58a505cd9042996823c69369fe412a5183b48a9346dda564a7bf2"
  languageName node
  linkType hard
  resolution "path-to-regexp@npm:6.1.0"

"pause@npm:0.0.1":
  version "0.0.1"
  checksum "2/94ff516a34a46c79f274f2747f3c5889f92542c8b82faff824d176d25ea2db4cfdbf7f6575494260357d9ab9dc22ff409849319438d4f6c08eb85a128d7db71f"
  languageName node
  linkType hard
  resolution "pause@npm:0.0.1"

"proxy-addr@npm:~2.0.5":
  version "2.0.5"
  dependencies:
    forwarded "~0.1.2"
    ipaddr.js "1.9.0"
  checksum "2/432cb36057d71b4c97cf293e874db34c4358a2505085d5d7a99962c4b59d3d94bd99e1cc246f5664c5bc98e97504fa77ed451b66899c2d118ebe1fb29779900c"
  languageName node
  linkType hard
  resolution "proxy-addr@npm:2.0.5"

"qs@npm:6.7.0":
  version "6.7.0"
  checksum "2/8590470436ff0a75ae35e6b45fd7260e2beb537ff8ec1104f9703a349b09ce1aa27e8e1c06b9ad25ac62fc098e12cc65df93042a233128a0276ccd6de4c7819a"
  languageName node
  linkType hard
  resolution "qs@npm:6.7.0"

"range-parser@npm:~1.2.1":
  version "1.2.1"
  checksum "2/05074f5b23dbdc24acdae9821dd684fbc9c0d770cdaa4469ab529d8e0fc1338aa33561a4c7c14a1f9bdcb3b5e9a3770e5a80318258a72289a7ef05fcda72a707"
  languageName node
  linkType hard
  resolution "range-parser@npm:1.2.1"

"raw-body@npm:2.4.0":
  version "2.4.0"
  dependencies:
    bytes "3.1.0"
    http-errors "1.7.2"
    iconv-lite "0.4.24"
    unpipe "1.0.0"
  checksum "2/46dc02f8b4f358786d41e18fb55533fbe4702d390e22bbe2b9c98c88dec41cab23ea2315f3ae0bf4bc0213a2872c89943d3df6857f4e21f996ea9d2d92f1bcaa"
  languageName node
  linkType hard
  resolution "raw-body@npm:2.4.0"

"reflect-metadata@npm:^0.1.13":
  version "0.1.13"
  checksum "2/629101e6c8b7e0d3166fa51953f908f45b5c73dbaf1375c4f8c3ed62221b870c951343b9b031d0c49957e7262a88020f41be25731ee85b5d779f12c7cec66005"
  languageName node
  linkType hard
  resolution "reflect-metadata@npm:0.1.13"

"remove-trailing-separator@npm:^1.0.1":
  version "1.1.0"
  checksum "2/17dadf3d1f7c51411b7c426c8e2d6a660359bc8dae7686137120483fe4345bfca4bf7460d2c302aa741a7886c932d8dad708d2b971669d74e0fb3ff9a4814408"
  languageName node
  linkType hard
  resolution "remove-trailing-separator@npm:1.1.0"

"routington@npm:^1.0.3":
  version "1.0.3"
  dependencies:
    flatten "~0.0.1"
    http-assert "1"
  checksum "2/744ee44ae4f2ad74949e195cb8a54788e1ff5b2af5f6613b93660b9fc2ecc16bfd5a6896f7af4c00b1eff8feb34404d1209090582f4cc0c2f85626f1c93528ad"
  languageName node
  linkType hard
  resolution "routington@npm:1.0.3"

"safe-buffer@npm:5.1.2":
  version "5.1.2"
  checksum "2/2708587c1b5e70a5e420714ceb59f30f5791c6e831d39812125a008eca63a4ac18578abd020a0776ea497ff03b4543f2b2a223a7b9073bf2d6c7af9ec6829218"
  languageName node
  linkType hard
  resolution "safe-buffer@npm:5.1.2"

"safer-buffer@npm:>= 2.1.2 < 3":
  version "2.1.2"
  checksum "2/549ba83f5b314b59898efe3422120ce1ca7987a6eae5925a5fa5db930dc414d4a9dde0a5594f89638cd6ea60b6840ea961872908933ac2428d1726489db46fa5"
  languageName node
  linkType hard
  resolution "safer-buffer@npm:2.1.2"

"sax@npm:>=0.6.0":
  version "1.2.4"
  checksum "2/9d7668d69105e89e2c1a4b2fdc12c72e1a2f78b825f7b4a8a2ea5cdfebf70920bd17715bed55264c3b3959616a0695f8ad2d098bf6944fbd0953ee9c695dceef"
  languageName node
  linkType hard
  resolution "sax@npm:1.2.4"

"send@npm:0.17.1, send@npm:^0.17.1":
  version "0.17.1"
  dependencies:
    debug "2.6.9"
    depd "~1.1.2"
    destroy "~1.0.4"
    encodeurl "~1.0.2"
    escape-html "~1.0.3"
    etag "~1.8.1"
    fresh "0.5.2"
    http-errors "~1.7.2"
    mime "1.6.0"
    ms "2.1.1"
    on-finished "~2.3.0"
    range-parser "~1.2.1"
    statuses "~1.5.0"
  checksum "2/58e4ab2e07e8dfb206ca954a9b85f4e367aba0e4d59ce4c9c96a82034385b67f25d33ad526fdb69d635744bbe4d8afea06e2c0348d7d32920e3489d86dc3ec6f"
  languageName node
  linkType hard
  resolution "send@npm:0.17.1"

"sequencify@npm:0.0.7, sequencify@npm:~0.0.7":
  version "0.0.7"
  checksum "2/888b0b1a733f87e9c7b80a0b46f78b1584439ad938bddb7d3f730fe3d1c7173a5b911c08630ad40afb877b7724f697b251c175a0b0fae75c747bdcd2c3010a25"
  languageName node
  linkType hard
  resolution "sequencify@npm:0.0.7"

"serve-static@npm:1.14.1":
  version "1.14.1"
  dependencies:
    encodeurl "~1.0.2"
    escape-html "~1.0.3"
    parseurl "~1.3.3"
    send "0.17.1"
  checksum "2/97e8c94ec02950d019000ca12a8e0b4fdeaaabb7ae965c1c05557b55b48114716ae92688972a8d9f06a5e2d5957c305253a859ec223bb39a1e0732366d0e2768"
  languageName node
  linkType hard
  resolution "serve-static@npm:1.14.1"

"setprototypeof@npm:1.1.1":
  version "1.1.1"
  checksum "2/0efed4da5aec7535828ac07c3b560f0a54257a4a7d5390ffabe5530a083974aef577651507974215edb92a51efa142f22fb3242e24d630ba6adcbfc9e7f1ff2b"
  languageName node
  linkType hard
  resolution "setprototypeof@npm:1.1.1"

"source-map-support@npm:^0.5.13":
  version "0.5.13"
  dependencies:
    buffer-from "^1.0.0"
    source-map "^0.6.0"
  checksum "2/e4877c5d653fcce19d8f1d0b697cd6f435632cb26275699b580fc7bb6d3146bb49aceee2cb9b3159fd66747ce34e8dd9b348b9aecdae22bcc41c5e841e901dfa"
  languageName node
  linkType hard
  resolution "source-map-support@npm:0.5.13"

"source-map@npm:^0.6.0":
  version "0.6.1"
  checksum "2/8647829a0611724114022be455ca1c8a2c8ae61df81c5b3667d9b398207226a1e21174fb7bbf0b4dbeb27ac358222afb5a14f1c74a62a62b8883b012e5eb1270"
  languageName node
  linkType hard
  resolution "source-map@npm:0.6.1"

"statuses@npm:>= 1.5.0 < 2, statuses@npm:~1.5.0":
  version "1.5.0"
  checksum "2/57735269bf231176a60deb80f6d60214cb4a87663b0937e79497afe9aebe2597f8377fd28893f4d1776205f18dd0b927774a26b72051411ac5108e9e2dfc77d2"
  languageName node
  linkType hard
  resolution "statuses@npm:1.5.0"

"stream-consume@npm:~0.1.0":
  version "0.1.1"
  checksum "2/5d1fa3394e522a0ed69aeb7c1e43dd307afdd670fcf1c196245fe342a6d2fce8dcd07229788b54108b815d671b021660a8ed17d362f1c373c195f5a498df0347"
  languageName node
  linkType hard
  resolution "stream-consume@npm:0.1.1"

"toidentifier@npm:1.0.0":
  version "1.0.0"
  checksum "2/95720e8a0f98f1525f50ccbecbc2a23f0a1b4e448de03819dbbeda03adf0d2010fe64525fbc9d549765242550d341bb891672e4ac0b2cac58613cdd742324255"
  languageName node
  linkType hard
  resolution "toidentifier@npm:1.0.0"

"type-is@npm:~1.6.17, type-is@npm:~1.6.18":
  version "1.6.18"
  dependencies:
    media-typer "0.3.0"
    mime-types "~2.1.24"
  checksum "2/20a3514f1d835c979237995129d1f8c564325301e3a8f1c732bcbe1d7fa0ca1f65994e41a79e9030d79f31e5459bb9be5c377848fcb477cb3049a661b3713d74"
  languageName node
  linkType hard
  resolution "type-is@npm:1.6.18"

"uid2@npm:0.0.x":
  version "0.0.3"
  checksum "2/7b0fc54edb7e7366e2c4ff784167d557374f1733b4f6ff2c4cf8362f45fa5027c09c535a9c912137f94547bfc38e5d153ea7b499d999b34921da7630b826d189"
  languageName node
  linkType hard
  resolution "uid2@npm:0.0.3"

"underscore@npm:^1.8.3":
  version "1.9.1"
  checksum "2/db69d0e9f3e2c99c2ecc887180dea1118cb8a2f72f0cc6020c7c7d3860e9f2b37d830fd094658eebf41a047205d03feecc928b05d329d384886a6a1bc2cee9d7"
  languageName node
  linkType hard
  resolution "underscore@npm:1.9.1"

"unpipe@npm:1.0.0, unpipe@npm:~1.0.0":
  version "1.0.0"
  checksum "2/ba244e8bf640475b2143af95be5d71353cd4d238d63abf5dfe700c67841f066eb0819fc60dee7f2348ef647a5644a06ba024b9a0ab6d399fc07a05eb72a30ac7"
  languageName node
  linkType hard
  resolution "unpipe@npm:1.0.0"

"utils-merge@npm:1.0.1, utils-merge@npm:1.x.x, utils-merge@npm:^1.0.0":
  version "1.0.1"
  checksum "2/a457956ebc09efbda05da8bf213ab89140bb9dffa3c42b3315dd8fc3c45d67a1b802741f58b7bba4872113201fc275fc86470289d8bd32b74297b5e5b5980705"
  languageName node
  linkType hard
  resolution "utils-merge@npm:1.0.1"

"uuid@npm:^3.3.2":
  version "3.3.2"
  bin:
    uuid "./bin/uuid"
  checksum "2/f407d974ca30b20bfbd32ae9cc05d20e18df5fd9e5fa088d91db04a6597125dcc8d09eeeb7237782724daba36418e24f557e0245e6ce7b8e4ad25d6436f1cde1"
  languageName node
  linkType hard
  resolution "uuid@npm:3.3.2"

"uuid@npm:^3.4.0":
  version "3.4.0"
  bin:
    uuid "./bin/uuid"
  checksum "2/1ce3f37e214d6d0dc94a6a9663a0365013ace66bc3fd5b203e6f5d2eeb978aaee1192367222386345d30b4c6a447928c501121aa84c637724bf105ef57284949"
  languageName node
  linkType hard
  resolution "uuid@npm:3.4.0"

"uuid@npm:^7.0.3":
  version "7.0.3"
  bin:
    uuid dist/bin/uuid
  checksum "2/a56be8a5bbf2bae755d749d0693637274935b5ae250dfaaaf79241391cf1a7c142a202492196363ec62ec51a476e5e3fc4de2944d854abf2e9b35a33e0e31d4c"
  languageName node
  linkType hard
  resolution "uuid@npm:7.0.3"

"vary@npm:~1.1.2":
  version "1.1.2"
  checksum "2/591f059f727ac1ba0d97cb7767f8583a03fcbb07db7be2b7dce838ede520ec0e958a41cb19077054769077fdc49a9b9a2dc391c83426bfee89c054b8cc7404bf"
  languageName node
  linkType hard
  resolution "vary@npm:1.1.2"

"whatwg-fetch@npm:>=0.10.0":
  version "3.0.0"
  checksum "2/56ffff2db0908b2180830c1c543b16b3cb93f07c771f15af9ce1a31f426c4b843e0a22cb0afd9de585d7583c07f4b84cb5dbf42fe22bcf6ad34f96103b456aaf"
  languageName node
  linkType hard
  resolution "whatwg-fetch@npm:3.0.0"

"wrappy@npm:1":
  version "1.0.2"
  checksum "2/519fcda0fcdf0c16327be2de9d98646742307bc830277e8868529fcf7566f2b330a6453c233e0cdcb767d5838dd61a90984a02ecc983bcddebea5ad0833bbf98"
  languageName node
  linkType hard
  resolution "wrappy@npm:1.0.2"

"ws@npm:^6.0.0, ws@npm:^6.1.3":
  version "6.2.1"
  dependencies:
    async-limiter "~1.0.0"
  checksum "2/35d32b09e28f799f04708c3a7bd9eff469ae63e60543d7e18335f28689228a42ee21210f48de680aad6e5317df76b5b1183d1a1ea4b4d14cb6e0943528f40e76"
  languageName node
  linkType hard
  resolution "ws@npm:6.2.1"

"ws@npm:^7.1.1":
  version "7.1.1"
  dependencies:
    async-limiter "^1.0.0"
  checksum "2/53c9e6a2c913338aa5df34ec68dd6bd836e78e6e51f8d8fa9d4b242ac0308213bcc9c3f134068073ab0289a87cbe4bcb8c0985460a2b0f219d3f5631d74096d7"
  languageName node
  linkType hard
  resolution "ws@npm:7.1.1"

"ws@npm:^7.2.1, ws@npm:^7.2.3":
  version "7.2.3"
  checksum "2/fedf178c29b5f7c4589c88bd1064dea03ba0d761bfcc0562abf4ddd64421fb1767095e140cb3ef8b57c3315d7e1fa1f3cf872e365a399c69fb3566ecdfbfacee"
  languageName node
  linkType hard
  peerDependencies:
    bufferutil "^4.0.1"
    utf-8-validate "^5.0.2"
  peerDependenciesMeta:
    bufferutil:
      optional "true"
    utf-8-validate:
      optional "true"
  resolution "ws@npm:7.2.3"

"xml2js@npm:^0.4.19":
  version "0.4.19"
  dependencies:
    sax ">=0.6.0"
    xmlbuilder "~9.0.1"
  checksum "2/1c3b667a0b865fd9a086b0d01b317d95af2bb5aef837e5f3c54a3cb9283350b4be0ea7b88723e488f586bac4b4ca711b108878c45cc69f175b0d14b2c142a4dc"
  languageName node
  linkType hard
  resolution "xml2js@npm:0.4.19"

"xmlbuilder@npm:~9.0.1":
  version "9.0.7"
  checksum "2/aeef38b26bcfe0ddec25d8751a1e8980cf4ea63f327c123ed64dd29ffd1e8a57b6bc99be57dab1f99064c97ba3b140ed1454cfbeeab651f1e264d74b2d6f2b7f"
  languageName node
  linkType hard
  resolution "xmlbuilder@npm:9.0.7"
