# THIS IS AN AUTOGENERATED FILE. DO NOT EDIT THIS FILE DIRECTLY.
# yarn lockfile v1


"@akala/commands@^0.7.1":
  version "0.7.1"
  resolved "https://registry.yarnpkg.com/@akala/commands/-/commands-0.7.1.tgz#8b816d6f9db7690d090542c0808db6058bd641d2"
  integrity sha512-BmwU9siXXmIudG6rwQ1K8m8fafCduekQeR8QHkYduAh2skyvUU+H0pPl9EGkKgNzMZuSP2yXphp6K/47acWwsg==
  dependencies:
    "@akala/core" "^5.1.0"
    "@akala/json-rpc-ws" "^9.1.7"
    debug "^4.1.1"
    path-to-regexp "^6.1.0"
    reflect-metadata "^0.1.13"
    ws "^7.2.3"
    yargs-parser "^20.2.0"

"@akala/core@^5.1.0":
  version "5.1.0"
  resolved "https://registry.yarnpkg.com/@akala/core/-/core-5.1.0.tgz#e629a5c459896c02613aab77ba8e1af5f45d0cfc"
  integrity sha512-8ySXBARqtAraeiLnoEsGmaI/dL3/D/FDP6fmfq9kISIweSOFhzNfRAvgdpnlq73gv7IGJatqn0te+bdFuV6bwg==
  dependencies:
    "@akala/json-rpc-ws" "^9.1.7"
    browser-process-hrtime "^1.0.0"
    debug "^4.1.1"
    es6-promise "^4.2.8"
    isomorphic-fetch "^3.0.0"
    mock-require "^3.0.3"
    orchestrator "^0.3.8"
    parseurl "^1.3.1"
    path-to-regexp "^6.1.0"
    reflect-metadata "^0.1.13"
    routington "^1.0.3"
    utils-merge "^1.0.0"
    ws "^7.2.1"

"@akala/json-rpc-ws@^9.1.7":
  version "9.1.7"
  resolved "https://registry.yarnpkg.com/@akala/json-rpc-ws/-/json-rpc-ws-9.1.7.tgz#b3e742f2cf92dc0a63839ea5d4632fcce64371f7"
  integrity sha512-deI8ofqOVChdQOZC5whedfWQX+4gbEQkxa6msDVAhuN4rzYPl0tKeYG1lqzLTNfE62dZ2sA+VtlK/PNExd3qng==
  dependencies:
    debug "^4.1.1"
    reflect-metadata "^0.1.13"
    uuid "^8.0.0"
    ws "^7.2.3"

browser-process-hrtime@^1.0.0:
  version "1.0.0"
  resolved "https://registry.yarnpkg.com/browser-process-hrtime/-/browser-process-hrtime-1.0.0.tgz#3c9b4b7d782c8121e56f10106d84c0d0ffc94626"
  integrity sha512-9o5UecI3GhkpM6DrXr69PblIuWxPKk9Y0jHBRhdocZ2y7YECBFCsHm79Pr3OyR2AvjhDkabFJaDJMYRazHgsow==

debug@^4.1.1:
  version "4.2.0"
  resolved "https://registry.yarnpkg.com/debug/-/debug-4.2.0.tgz#7f150f93920e94c58f5574c2fd01a3110effe7f1"
  integrity sha512-IX2ncY78vDTjZMFUdmsvIRFY2Cf4FnD0wRs+nQwJU8Lu99/tPFdb0VybiiMTPe3I6rQmwsqQqRBvxU+bZ/I8sg==
  dependencies:
    ms "2.1.2"

deep-equal@~1.0.1:
  version "1.0.1"
  resolved "https://registry.yarnpkg.com/deep-equal/-/deep-equal-1.0.1.tgz#f5d260292b660e084eff4cdbc9f08ad3247448b5"
  integrity sha1-9dJgKStmDghO/0zbyfCK0yR0SLU=

depd@~1.1.2:
  version "1.1.2"
  resolved "https://registry.yarnpkg.com/depd/-/depd-1.1.2.tgz#9bcd52e14c097763e749b274c4346ed2e560b5a9"
  integrity sha1-m81S4UwJd2PnSbJ0xDRu0uVgtak=

end-of-stream@~0.1.5:
  version "0.1.5"
  resolved "https://registry.yarnpkg.com/end-of-stream/-/end-of-stream-0.1.5.tgz#8e177206c3c80837d85632e8b9359dfe8b2f6eaf"
  integrity sha1-jhdyBsPICDfYVjLouTWd/osvbq8=
  dependencies:
    once "~1.3.0"

es6-promise@^4.2.8:
  version "4.2.8"
  resolved "https://registry.yarnpkg.com/es6-promise/-/es6-promise-4.2.8.tgz#4eb21594c972bc40553d276e510539143db53e0a"
  integrity sha512-HJDGx5daxeIvxdBxvG2cb9g4tEvwIk3i8+nhX0yGrYmZUzbkdg8QbDevheDB8gd0//uPj4c1EQua8Q+MViT0/w==

flatten@~0.0.1:
  version "0.0.1"
  resolved "https://registry.yarnpkg.com/flatten/-/flatten-0.0.1.tgz#554440766da0a0d603999f433453f6c2fc6a75c1"
  integrity sha1-VURAdm2goNYDmZ9DNFP2wvxqdcE=

get-caller-file@^1.0.2:
  version "1.0.3"
  resolved "https://registry.yarnpkg.com/get-caller-file/-/get-caller-file-1.0.3.tgz#f978fa4c90d1dfe7ff2d6beda2a515e713bdcf4a"
  integrity sha512-3t6rVToeoZfYSGd8YoLFR2DJkiQrIiUrGcjvFX2mDw3bn6k2OtwHN0TNCLbBO+w8qTvimhDkv+LSscbJY1vE6w==

http-assert@1:
  version "1.4.1"
  resolved "https://registry.yarnpkg.com/http-assert/-/http-assert-1.4.1.tgz#c5f725d677aa7e873ef736199b89686cceb37878"
  integrity sha512-rdw7q6GTlibqVVbXr0CKelfV5iY8G2HqEUkhSk297BMbSpSL8crXC+9rjKoMcZZEsksX30le6f/4ul4E28gegw==
  dependencies:
    deep-equal "~1.0.1"
    http-errors "~1.7.2"

http-errors@~1.7.2:
  version "1.7.3"
  resolved "https://registry.yarnpkg.com/http-errors/-/http-errors-1.7.3.tgz#6c619e4f9c60308c38519498c14fbb10aacebb06"
  integrity sha512-ZTTX0MWrsQ2ZAhA1cejAwDLycFsd7I7nVtnkT3Ol0aqodaKW+0CTZDQ1uBv5whptCnc8e8HeRRJxRs0kmm/Qfw==
  dependencies:
    depd "~1.1.2"
    inherits "2.0.4"
    setprototypeof "1.1.1"
    statuses ">= 1.5.0 < 2"
    toidentifier "1.0.0"

inherits@2.0.4:
  version "2.0.4"
  resolved "https://registry.yarnpkg.com/inherits/-/inherits-2.0.4.tgz#0fa2c64f932917c3433a0ded55363aae37416b7c"
  integrity sha512-k/vGaX4/Yla3WzyMCvTQOXYeIHvqOKtnqBduzTHpzpQZzAskKMhZ2K+EnBiSM9zGSoIFeMpXKxa4dYeZIQqewQ==

isomorphic-fetch@^3.0.0:
  version "3.0.0"
  resolved "https://registry.yarnpkg.com/isomorphic-fetch/-/isomorphic-fetch-3.0.0.tgz#0267b005049046d2421207215d45d6a262b8b8b4"
  integrity sha512-qvUtwJ3j6qwsF3jLxkZ72qCgjMysPzDfeV240JHiGZsANBYd+EEuu35v7dfrJ9Up0Ak07D7GGSkGhCHTqg/5wA==
  dependencies:
    node-fetch "^2.6.1"
    whatwg-fetch "^3.4.1"

mock-require@^3.0.3:
  version "3.0.3"
  resolved "https://registry.yarnpkg.com/mock-require/-/mock-require-3.0.3.tgz#ccd544d9eae81dd576b3f219f69ec867318a1946"
  integrity sha512-lLzfLHcyc10MKQnNUCv7dMcoY/2Qxd6wJfbqCcVk3LDb8An4hF6ohk5AztrvgKhJCqj36uyzi/p5se+tvyD+Wg==
  dependencies:
    get-caller-file "^1.0.2"
    normalize-path "^2.1.1"

ms@2.1.2:
  version "2.1.2"
  resolved "https://registry.yarnpkg.com/ms/-/ms-2.1.2.tgz#d09d1f357b443f493382a8eb3ccd183872ae6009"
  integrity sha512-sGkPx+VjMtmA6MX27oA4FBFELFCZZ4S4XqeGOXCv68tT+jb3vk/RyaKWP0PTKyWtmLSM0b+adUTEvbs1PEaH2w==

node-fetch@^2.6.1:
  version "2.6.1"
  resolved "https://registry.yarnpkg.com/node-fetch/-/node-fetch-2.6.1.tgz#045bd323631f76ed2e2b55573394416b639a0052"
  integrity sha512-V4aYg89jEoVRxRb2fJdAg8FHvI7cEyYdVAh94HH0UIK8oJxUfkjlDQN9RbMx+bEjP7+ggMiFRprSti032Oipxw==

normalize-path@^2.1.1:
  version "2.1.1"
  resolved "https://registry.yarnpkg.com/normalize-path/-/normalize-path-2.1.1.tgz#1ab28b556e198363a8c1a6f7e6fa20137fe6aed9"
  integrity sha1-GrKLVW4Zg2Oowab35vogE3/mrtk=
  dependencies:
    remove-trailing-separator "^1.0.1"

once@~1.3.0:
  version "1.3.3"
  resolved "https://registry.yarnpkg.com/once/-/once-1.3.3.tgz#b2e261557ce4c314ec8304f3fa82663e4297ca20"
  integrity sha1-suJhVXzkwxTsgwTz+oJmPkKXyiA=
  dependencies:
    wrappy "1"

orchestrator@^0.3.8:
  version "0.3.8"
  resolved "https://registry.yarnpkg.com/orchestrator/-/orchestrator-0.3.8.tgz#14e7e9e2764f7315fbac184e506c7aa6df94ad7e"
  integrity sha1-FOfp4nZPcxX7rBhOUGx6pt+UrX4=
  dependencies:
    end-of-stream "~0.1.5"
    sequencify "~0.0.7"
    stream-consume "~0.1.0"

parseurl@^1.3.1:
  version "1.3.3"
  resolved "https://registry.yarnpkg.com/parseurl/-/parseurl-1.3.3.tgz#9da19e7bee8d12dff0513ed5b76957793bc2e8d4"
  integrity sha512-CiyeOxFT/JZyN5m0z9PfXw4SCBJ6Sygz1Dpl0wqjlhDEGGBP1GnsUVEL0p63hoG1fcj3fHynXi9NYO4nWOL+qQ==

path-to-regexp@^6.1.0:
  version "6.2.0"
  resolved "https://registry.yarnpkg.com/path-to-regexp/-/path-to-regexp-6.2.0.tgz#f7b3803336104c346889adece614669230645f38"
  integrity sha512-f66KywYG6+43afgE/8j/GoiNyygk/bnoCbps++3ErRKsIYkGGupyv07R2Ok5m9i67Iqc+T2g1eAUGUPzWhYTyg==

reflect-metadata@^0.1.13:
  version "0.1.13"
  resolved "https://registry.yarnpkg.com/reflect-metadata/-/reflect-metadata-0.1.13.tgz#67ae3ca57c972a2aa1642b10fe363fe32d49dc08"
  integrity sha512-Ts1Y/anZELhSsjMcU605fU9RE4Oi3p5ORujwbIKXfWa+0Zxs510Qrmrce5/Jowq3cHSZSJqBjypxmHarc+vEWg==

remove-trailing-separator@^1.0.1:
  version "1.1.0"
  resolved "https://registry.yarnpkg.com/remove-trailing-separator/-/remove-trailing-separator-1.1.0.tgz#c24bce2a283adad5bc3f58e0d48249b92379d8ef"
  integrity sha1-wkvOKig62tW8P1jg1IJJuSN52O8=

routington@^1.0.3:
  version "1.0.3"
  resolved "https://registry.yarnpkg.com/routington/-/routington-1.0.3.tgz#bd54cbf99bfa6bc9309312e38d5ea140ee0f421c"
  integrity sha1-vVTL+Zv6a8kwkxLjjV6hQO4PQhw=
  dependencies:
    flatten "~0.0.1"
    http-assert "1"

sequencify@~0.0.7:
  version "0.0.7"
  resolved "https://registry.yarnpkg.com/sequencify/-/sequencify-0.0.7.tgz#90cff19d02e07027fd767f5ead3e7b95d1e7380c"
  integrity sha1-kM/xnQLgcCf9dn9erT57ldHnOAw=

setprototypeof@1.1.1:
  version "1.1.1"
  resolved "https://registry.yarnpkg.com/setprototypeof/-/setprototypeof-1.1.1.tgz#7e95acb24aa92f5885e0abef5ba131330d4ae683"
  integrity sha512-JvdAWfbXeIGaZ9cILp38HntZSFSo3mWg6xGcJJsd+d4aRMOqauag1C63dJfDw7OaMYwEbHMOxEZ1lqVRYP2OAw==

"statuses@>= 1.5.0 < 2":
  version "1.5.0"
  resolved "https://registry.yarnpkg.com/statuses/-/statuses-1.5.0.tgz#161c7dac177659fd9811f43771fa99381478628c"
  integrity sha1-Fhx9rBd2Wf2YEfQ3cfqZOBR4Yow=

stream-consume@~0.1.0:
  version "0.1.1"
  resolved "https://registry.yarnpkg.com/stream-consume/-/stream-consume-0.1.1.tgz#d3bdb598c2bd0ae82b8cac7ac50b1107a7996c48"
  integrity sha512-tNa3hzgkjEP7XbCkbRXe1jpg+ievoa0O4SCFlMOYEscGSS4JJsckGL8swUyAa/ApGU3Ae4t6Honor4HhL+tRyg==

toidentifier@1.0.0:
  version "1.0.0"
  resolved "https://registry.yarnpkg.com/toidentifier/-/toidentifier-1.0.0.tgz#7e1be3470f1e77948bc43d94a3c8f4d7752ba553"
  integrity sha512-yaOH/Pk/VEhBWWTlhI+qXxDFXlejDGcQipMlyxda9nthulaxLZUNcUqFxokp0vcYnvteJln5FNQDRrxj3YcbVw==

typescript@^4.0.2:
  version "4.0.5"
  resolved "https://registry.yarnpkg.com/typescript/-/typescript-4.0.5.tgz#ae9dddfd1069f1cb5beb3ef3b2170dd7c1332389"
  integrity sha512-ywmr/VrTVCmNTJ6iV2LwIrfG1P+lv6luD8sUJs+2eI9NLGigaN+nUQc13iHqisq7bra9lnmUSYqbJvegraBOPQ==

utils-merge@^1.0.0:
  version "1.0.1"
  resolved "https://registry.yarnpkg.com/utils-merge/-/utils-merge-1.0.1.tgz#9f95710f50a267947b2ccc124741c1028427e713"
  integrity sha1-n5VxD1CiZ5R7LMwSR0HBAoQn5xM=

uuid@^8.0.0:
  version "8.3.1"
  resolved "https://registry.yarnpkg.com/uuid/-/uuid-8.3.1.tgz#2ba2e6ca000da60fce5a196954ab241131e05a31"
  integrity sha512-FOmRr+FmWEIG8uhZv6C2bTgEVXsHk08kE7mPlrBbEe+c3r9pjceVPgupIfNIhc4yx55H69OXANrUaSuu9eInKg==

whatwg-fetch@^3.4.1:
  version "3.5.0"
  resolved "https://registry.yarnpkg.com/whatwg-fetch/-/whatwg-fetch-3.5.0.tgz#605a2cd0a7146e5db141e29d1c62ab84c0c4c868"
  integrity sha512-jXkLtsR42xhXg7akoDKvKWE40eJeI+2KZqcp2h3NsOrRnDvtWX36KcKl30dy+hxECivdk2BVUHVNrPtoMBUx6A==

wrappy@1:
  version "1.0.2"
  resolved "https://registry.yarnpkg.com/wrappy/-/wrappy-1.0.2.tgz#b5243d8f3ec1aa35f1364605bc0d1036e30ab69f"
  integrity sha1-tSQ9jz7BqjXxNkYFvA0QNuMKtp8=

ws@^7.2.1, ws@^7.2.3:
  version "7.4.0"
  resolved "https://registry.yarnpkg.com/ws/-/ws-7.4.0.tgz#a5dd76a24197940d4a8bb9e0e152bb4503764da7"
  integrity sha512-kyFwXuV/5ymf+IXhS6f0+eAFvydbaBW3zjpT6hUdAh/hbVjTIB5EHBGi0bPoCLSK2wcuz3BrEkB9LrYv1Nm4NQ==

yargs-parser@^20.2.0:
  version "20.2.4"
  resolved "https://registry.yarnpkg.com/yargs-parser/-/yargs-parser-20.2.4.tgz#b42890f14566796f85ae8e3a25290d205f154a54"
  integrity sha512-WOkpgNhPTlE73h4VFAFsOnomJVaovO8VqLDzy5saChRBFQFBoMYirowyW+Q9HB4HFF4Z7VZTiG3iSzJJA29yRA==
